
Microsoft Visual Studio Solution File, Format Version 12.00
# Visual Studio Version 16
VisualStudioVersion = 16.0.30413.136
MinimumVisualStudioVersion = 10.0.40219.1
Project("{FAE04EC0-301F-11D3-BF4B-00C04F79EFBC}") = "CMM331-1", "CMM331-1\CMM331-1.csproj", "{21E80701-96C3-41DA-A39D-99826603303D}"
EndProject
Project("{FAE04EC0-301F-11D3-BF4B-00C04F79EFBC}") = "CMM331Windowfrom", "CMM331Windowfrom\CMM331Windowfrom.csproj", "{3B457F98-5E36-44E9-9601-618CEB186A71}"
EndProject
Global
	GlobalSection(SolutionConfigurationPlatforms) = preSolution
		Debug|Any CPU = Debug|Any CPU
		Release|Any CPU = Release|Any CPU
	EndGlobalSection
	GlobalSection(ProjectConfigurationPlatforms) = postSolution
		{21E80701-96C3-41DA-A39D-99826603303D}.Debug|Any CPU.ActiveCfg = Debug|Any CPU
		{21E80701-96C3-41DA-A39D-99826603303D}.Debug|Any CPU.Build.0 = Debug|Any CPU
		{21E80701-96C3-41DA-A39D-99826603303D}.Release|Any CPU.ActiveCfg = Release|Any CPU
		{21E80701-96C3-41DA-A39D-99826603303D}.Release|Any CPU.Build.0 = Release|Any CPU
		{3B457F98-5E36-44E9-9601-618CEB186A71}.Debug|Any CPU.ActiveCfg = Debug|Any CPU
		{3B457F98-5E36-44E9-9601-618CEB186A71}.Debug|Any CPU.Build.0 = Debug|Any CPU
		{3B457F98-5E36-44E9-9601-618CEB186A71}.Release|Any CPU.ActiveCfg = Release|Any CPU
		{3B457F98-5E36-44E9-9601-618CEB186A71}.Release|Any CPU.Build.0 = Release|Any CPU
	EndGlobalSection
	GlobalSection(SolutionProperties) = preSolution
		HideSolutionNode = FALSE
	EndGlobalSection
	GlobalSection(ExtensibilityGlobals) = postSolution
		SolutionGuid = {DC3EBC87-E5EE-4152-8A33-658C035E2D22}
	EndGlobalSection
EndGlobal
